// !$*UTF8*$!
{
	archiveVersion = 1;
	classes = {
	};
	objectVersion = 56;
	objects = {

/* Begin PBXBuildFile section */
		BB9FEDD72B9872D900177C43 /* AppDelegate.swift in Sources */ = {isa = PBXBuildFile; fileRef = BB9FEDD62B9872D900177C43 /* AppDelegate.swift */; };
		BB9FEDD92B9872D900177C43 /* SceneDelegate.swift in Sources */ = {isa = PBXBuildFile; fileRef = BB9FEDD82B9872D900177C43 /* SceneDelegate.swift */; };
		BB9FEDDB2B9872D900177C43 /* ViewController.swift in Sources */ = {isa = PBXBuildFile; fileRef = BB9FEDDA2B9872D900177C43 /* ViewController.swift */; };
		BB9FEDDE2B9872D900177C43 /* Main.storyboard in Resources */ = {isa = PBXBuildFile; fileRef = BB9FEDDC2B9872D900177C43 /* Main.storyboard */; };
		BB9FEDE02B9872DB00177C43 /* Assets.xcassets in Resources */ = {isa = PBXBuildFile; fileRef = BB9FEDDF2B9872DB00177C43 /* Assets.xcassets */; };
		BB9FEDE32B9872DB00177C43 /* LaunchScreen.storyboard in Resources */ = {isa = PBXBuildFile; fileRef = BB9FEDE12B9872DB00177C43 /* LaunchScreen.storyboard */; };
		BB9FEDEE2B9872DB00177C43 /* kenkgittestTests.swift in Sources */ = {isa = PBXBuildFile; fileRef = BB9FEDED2B9872DB00177C43 /* kenkgittestTests.swift */; };
		BB9FEDF82B9872DB00177C43 /* kenkgittestUITests.swift in Sources */ = {isa = PBXBuildFile; fileRef = BB9FEDF72B9872DB00177C43 /* kenkgittestUITests.swift */; };
		BB9FEDFA2B9872DB00177C43 /* kenkgittestUITestsLaunchTests.swift in Sources */ = {isa = PBXBuildFile; fileRef = BB9FEDF92B9872DB00177C43 /* kenkgittestUITestsLaunchTests.swift */; };
/* End PBXBuildFile section */

/* Begin PBXContainerItemProxy section */
		BB9FEDEA2B9872DB00177C43 /* PBXContainerItemProxy */ = {
			isa = PBXContainerItemProxy;
			containerPortal = BB9FEDCB2B9872D900177C43 /* Project object */;
			proxyType = 1;
			remoteGlobalIDString = BB9FEDD22B9872D900177C43;
			remoteInfo = kenkgittest;
		};
		BB9FEDF42B9872DB00177C43 /* PBXContainerItemProxy */ = {
			isa = PBXContainerItemProxy;
			containerPortal = BB9FEDCB2B9872D900177C43 /* Project object */;
			proxyType = 1;
			remoteGlobalIDString = BB9FEDD22B9872D900177C43;
			remoteInfo = kenkgittest;
		};
/* End PBXContainerItemProxy section */

/* Begin PBXFileReference section */
		BB9FEDD32B9872D900177C43 /* kenkgittest.app */ = {isa = PBXFileReference; explicitFileType = wrapper.application; includeInIndex = 0; path = kenkgittest.app; sourceTree = BUILT_PRODUCTS_DIR; };
		BB9FEDD62B9872D900177C43 /* AppDelegate.swift */ = {isa = PBXFileReference; lastKnownFileType = sourcecode.swift; path = AppDelegate.swift; sourceTree = "<group>"; };
		BB9FEDD82B9872D900177C43 /* SceneDelegate.swift */ = {isa = PBXFileReference; lastKnownFileType = sourcecode.swift; path = SceneDelegate.swift; sourceTree = "<group>"; };
		BB9FEDDA2B9872D900177C43 /* ViewController.swift */ = {isa = PBXFileReference; lastKnownFileType = sourcecode.swift; path = ViewController.swift; sourceTree = "<group>"; };
		BB9FEDDD2B9872D900177C43 /* Base */ = {isa = PBXFileReference; lastKnownFileType = file.storyboard; name = Base; path = Base.lproj/Main.storyboard; sourceTree = "<group>"; };
		BB9FEDDF2B9872DB00177C43 /* Assets.xcassets */ = {isa = PBXFileReference; lastKnownFileType = folder.assetcatalog; path = Assets.xcassets; sourceTree = "<group>"; };
		BB9FEDE22B9872DB00177C43 /* Base */ = {isa = PBXFileReference; lastKnownFileType = file.storyboard; name = Base; path = Base.lproj/LaunchScreen.storyboard; sourceTree = "<group>"; };
		BB9FEDE42B9872DB00177C43 /* Info.plist */ = {isa = PBXFileReference; lastKnownFileType = text.plist.xml; path = Info.plist; sourceTree = "<group>"; };
		BB9FEDE92B9872DB00177C43 /* kenkgittestTests.xctest */ = {isa = PBXFileReference; explicitFileType = wrapper.cfbundle; includeInIndex = 0; path = kenkgittestTests.xctest; sourceTree = BUILT_PRODUCTS_DIR; };
		BB9FEDED2B9872DB00177C43 /* kenkgittestTests.swift */ = {isa = PBXFileReference; lastKnownFileType = sourcecode.swift; path = kenkgittestTests.swift; sourceTree = "<group>"; };
		BB9FEDF32B9872DB00177C43 /* kenkgittestUITests.xctest */ = {isa = PBXFileReference; explicitFileType = wrapper.cfbundle; includeInIndex = 0; path = kenkgittestUITests.xctest; sourceTree = BUILT_PRODUCTS_DIR; };
		BB9FEDF72B9872DB00177C43 /* kenkgittestUITests.swift */ = {isa = PBXFileReference; lastKnownFileType = sourcecode.swift; path = kenkgittestUITests.swift; sourceTree = "<group>"; };
		BB9FEDF92B9872DB00177C43 /* kenkgittestUITestsLaunchTests.swift */ = {isa = PBXFileReference; lastKnownFileType = sourcecode.swift; path = kenkgittestUITestsLaunchTests.swift; sourceTree = "<group>"; };
/* End PBXFileReference section */

/* Begin PBXFrameworksBuildPhase section */
		BB9FEDD02B9872D900177C43 /* Frameworks */ = {
			isa = PBXFrameworksBuildPhase;
			buildActionMask = 2147483647;
			files = (
			);
			runOnlyForDeploymentPostprocessing = 0;
		};
		BB9FEDE62B9872DB00177C43 /* Frameworks */ = {
			isa = PBXFrameworksBuildPhase;
			buildActionMask = 2147483647;
			files = (
			);
			runOnlyForDeploymentPostprocessing = 0;
		};
		BB9FEDF02B9872DB00177C43 /* Frameworks */ = {
			isa = PBXFrameworksBuildPhase;
			buildActionMask = 2147483647;
			files = (
			);
			runOnlyForDeploymentPostprocessing = 0;
		};
/* End PBXFrameworksBuildPhase section */

/* Begin PBXGroup section */
		BB9FEDCA2B9872D900177C43 = {
			isa = PBXGroup;
			children = (
				BB9FEDD52B9872D900177C43 /* kenkgittest */,
				BB9FEDEC2B9872DB00177C43 /* kenkgittestTests */,
				BB9FEDF62B9872DB00177C43 /* kenkgittestUITests */,
				BB9FEDD42B9872D900177C43 /* Products */,
			);
			sourceTree = "<group>";
		};
		BB9FEDD42B9872D900177C43 /* Products */ = {
			isa = PBXGroup;
			children = (
				BB9FEDD32B9872D900177C43 /* kenkgittest.app */,
				BB9FEDE92B9872DB00177C43 /* kenkgittestTests.xctest */,
				BB9FEDF32B9872DB00177C43 /* kenkgittestUITests.xctest */,
			);
			name = Products;
			sourceTree = "<group>";
		};
		BB9FEDD52B9872D900177C43 /* kenkgittest */ = {
			isa = PBXGroup;
			children = (
				BB9FEDD62B9872D900177C43 /* AppDelegate.swift */,
				BB9FEDD82B9872D900177C43 /* SceneDelegate.swift */,
				BB9FEDDA2B9872D900177C43 /* ViewController.swift */,
				BB9FEDDC2B9872D900177C43 /* Main.storyboard */,
				BB9FEDDF2B9872DB00177C43 /* Assets.xcassets */,
				BB9FEDE12B9872DB00177C43 /* LaunchScreen.storyboard */,
				BB9FEDE42B9872DB00177C43 /* Info.plist */,
			);
			path = kenkgittest;
			sourceTree = "<group>";
		};
		BB9FEDEC2B9872DB00177C43 /* kenkgittestTests */ = {
			isa = PBXGroup;
			children = (
				BB9FEDED2B9872DB00177C43 /* kenkgittestTests.swift */,
			);
			path = kenkgittestTests;
			sourceTree = "<group>";
		};
		BB9FEDF62B9872DB00177C43 /* kenkgittestUITests */ = {
			isa = PBXGroup;
			children = (
				BB9FEDF72B9872DB00177C43 /* kenkgittestUITests.swift */,
				BB9FEDF92B9872DB00177C43 /* kenkgittestUITestsLaunchTests.swift */,
			);
			path = kenkgittestUITests;
			sourceTree = "<group>";
		};
/* End PBXGroup section */

/* Begin PBXNativeTarget section */
		BB9FEDD22B9872D900177C43 /* kenkgittest */ = {
			isa = PBXNativeTarget;
			buildConfigurationList = BB9FEDFD2B9872DB00177C43 /* Build configuration list for PBXNativeTarget "kenkgittest" */;
			buildPhases = (
				BB9FEDCF2B9872D900177C43 /* Sources */,
				BB9FEDD02B9872D900177C43 /* Frameworks */,
				BB9FEDD12B9872D900177C43 /* Resources */,
			);
			buildRules = (
			);
			dependencies = (
			);
			name = kenkgittest;
			productName = kenkgittest;
			productReference = BB9FEDD32B9872D900177C43 /* kenkgittest.app */;
			productType = "com.apple.product-type.application";
		};
		BB9FEDE82B9872DB00177C43 /* kenkgittestTests */ = {
			isa = PBXNativeTarget;
			buildConfigurationList = BB9FEE002B9872DB00177C43 /* Build configuration list for PBXNativeTarget "kenkgittestTests" */;
			buildPhases = (
				BB9FEDE52B9872DB00177C43 /* Sources */,
				BB9FEDE62B9872DB00177C43 /* Frameworks */,
				BB9FEDE72B9872DB00177C43 /* Resources */,
			);
			buildRules = (
			);
			dependencies = (
				BB9FEDEB2B9872DB00177C43 /* PBXTargetDependency */,
			);
			name = kenkgittestTests;
			productName = kenkgittestTests;
			productReference = BB9FEDE92B9872DB00177C43 /* kenkgittestTests.xctest */;
			productType = "com.apple.product-type.bundle.unit-test";
		};
		BB9FEDF22B9872DB00177C43 /* kenkgittestUITests */ = {
			isa = PBXNativeTarget;
			buildConfigurationList = BB9FEE032B9872DB00177C43 /* Build configuration list for PBXNativeTarget "kenkgittestUITests" */;
			buildPhases = (
				BB9FEDEF2B9872DB00177C43 /* Sources */,
				BB9FEDF02B9872DB00177C43 /* Frameworks */,
				BB9FEDF12B9872DB00177C43 /* Resources */,
			);
			buildRules = (
			);
			dependencies = (
				BB9FEDF52B9872DB00177C43 /* PBXTargetDependency */,
			);
			name = kenkgittestUITests;
			productName = kenkgittestUITests;
			productReference = BB9FEDF32B9872DB00177C43 /* kenkgittestUITests.xctest */;
			productType = "com.apple.product-type.bundle.ui-testing";
		};
/* End PBXNativeTarget section */

/* Begin PBXProject section */
		BB9FEDCB2B9872D900177C43 /* Project object */ = {
			isa = PBXProject;
			attributes = {
				BuildIndependentTargetsInParallel = 1;
				LastSwiftUpdateCheck = 1520;
				LastUpgradeCheck = 1520;
				TargetAttributes = {
					BB9FEDD22B9872D900177C43 = {
						CreatedOnToolsVersion = 15.2;
					};
					BB9FEDE82B9872DB00177C43 = {
						CreatedOnToolsVersion = 15.2;
						TestTargetID = BB9FEDD22B9872D900177C43;
					};
					BB9FEDF22B9872DB00177C43 = {
						CreatedOnToolsVersion = 15.2;
						TestTargetID = BB9FEDD22B9872D900177C43;
					};
				};
			};
			buildConfigurationList = BB9FEDCE2B9872D900177C43 /* Build configuration list for PBXProject "kenkgittest" */;
			compatibilityVersion = "Xcode 14.0";
			developmentRegion = en;
			hasScannedForEncodings = 0;
			knownRegions = (
				en,
				Base,
			);
			mainGroup = BB9FEDCA2B9872D900177C43;
			productRefGroup = BB9FEDD42B9872D900177C43 /* Products */;
			projectDirPath = "";
			projectRoot = "";
			targets = (
				BB9FEDD22B9872D900177C43 /* kenkgittest */,
				BB9FEDE82B9872DB00177C43 /* kenkgittestTests */,
				BB9FEDF22B9872DB00177C43 /* kenkgittestUITests */,
			);
		};
/* End PBXProject section */

/* Begin PBXResourcesBuildPhase section */
		BB9FEDD12B9872D900177C43 /* Resources */ = {
			isa = PBXResourcesBuildPhase;
			buildActionMask = 2147483647;
			files = (
				BB9FEDE32B9872DB00177C43 /* LaunchScreen.storyboard in Resources */,
				BB9FEDE02B9872DB00177C43 /* Assets.xcassets in Resources */,
				BB9FEDDE2B9872D900177C43 /* Main.storyboard in Resources */,
			);
			runOnlyForDeploymentPostprocessing = 0;
		};
		BB9FEDE72B9872DB00177C43 /* Resources */ = {
			isa = PBXResourcesBuildPhase;
			buildActionMask = 2147483647;
			files = (
			);
			runOnlyForDeploymentPostprocessing = 0;
		};
		BB9FEDF12B9872DB00177C43 /* Resources */ = {
			isa = PBXResourcesBuildPhase;
			buildActionMask = 2147483647;
			files = (
			);
			runOnlyForDeploymentPostprocessing = 0;
		};
/* End PBXResourcesBuildPhase section */

/* Begin PBXSourcesBuildPhase section */
		BB9FEDCF2B9872D900177C43 /* Sources */ = {
			isa = PBXSourcesBuildPhase;
			buildActionMask = 2147483647;
			files = (
				BB9FEDDB2B9872D900177C43 /* ViewController.swift in Sources */,
				BB9FEDD72B9872D900177C43 /* AppDelegate.swift in Sources */,
				BB9FEDD92B9872D900177C43 /* SceneDelegate.swift in Sources */,
			);
			runOnlyForDeploymentPostprocessing = 0;
		};
		BB9FEDE52B9872DB00177C43 /* Sources */ = {
			isa = PBXSourcesBuildPhase;
			buildActionMask = 2147483647;
			files = (
				BB9FEDEE2B9872DB00177C43 /* kenkgittestTests.swift in Sources */,
			);
			runOnlyForDeploymentPostprocessing = 0;
		};
		BB9FEDEF2B9872DB00177C43 /* Sources */ = {
			isa = PBXSourcesBuildPhase;
			buildActionMask = 2147483647;
			files = (
				BB9FEDFA2B9872DB00177C43 /* kenkgittestUITestsLaunchTests.swift in Sources */,
				BB9FEDF82B9872DB00177C43 /* kenkgittestUITests.swift in Sources */,
			);
			runOnlyForDeploymentPostprocessing = 0;
		};
/* End PBXSourcesBuildPhase section */

/* Begin PBXTargetDependency section */
		BB9FEDEB2B9872DB00177C43 /* PBXTargetDependency */ = {
			isa = PBXTargetDependency;
			target = BB9FEDD22B9872D900177C43 /* kenkgittest */;
			targetProxy = BB9FEDEA2B9872DB00177C43 /* PBXContainerItemProxy */;
		};
		BB9FEDF52B9872DB00177C43 /* PBXTargetDependency */ = {
			isa = PBXTargetDependency;
			target = BB9FEDD22B9872D900177C43 /* kenkgittest */;
			targetProxy = BB9FEDF42B9872DB00177C43 /* PBXContainerItemProxy */;
		};
/* End PBXTargetDependency section */

/* Begin PBXVariantGroup section */
		BB9FEDDC2B9872D900177C43 /* Main.storyboard */ = {
			isa = PBXVariantGroup;
			children = (
				BB9FEDDD2B9872D900177C43 /* Base */,
			);
			name = Main.storyboard;
			sourceTree = "<group>";
		};
		BB9FEDE12B9872DB00177C43 /* LaunchScreen.storyboard */ = {
			isa = PBXVariantGroup;
			children = (
				BB9FEDE22B9872DB00177C43 /* Base */,
			);
			name = LaunchScreen.storyboard;
			sourceTree = "<group>";
		};
/* End PBXVariantGroup section */

/* Begin XCBuildConfiguration section */
		BB9FEDFB2B9872DB00177C43 /* Debug */ = {
			isa = XCBuildConfiguration;
			buildSettings = {
				ALWAYS_SEARCH_USER_PATHS = NO;
				ASSETCATALOG_COMPILER_GENERATE_SWIFT_ASSET_SYMBOL_EXTENSIONS = YES;
				CLANG_ANALYZER_NONNULL = YES;
				CLANG_ANALYZER_NUMBER_OBJECT_CONVERSION = YES_AGGRESSIVE;
				CLANG_CXX_LANGUAGE_STANDARD = "gnu++20";
				CLANG_ENABLE_MODULES = YES;
				CLANG_ENABLE_OBJC_ARC = YES;
				CLANG_ENABLE_OBJC_WEAK = YES;
				CLANG_WARN_BLOCK_CAPTURE_AUTORELEASING = YES;
				CLANG_WARN_BOOL_CONVERSION = YES;
				CLANG_WARN_COMMA = YES;
				CLANG_WARN_CONSTANT_CONVERSION = YES;
				CLANG_WARN_DEPRECATED_OBJC_IMPLEMENTATIONS = YES;
				CLANG_WARN_DIRECT_OBJC_ISA_USAGE = YES_ERROR;
				CLANG_WARN_DOCUMENTATION_COMMENTS = YES;
				CLANG_WARN_EMPTY_BODY = YES;
				CLANG_WARN_ENUM_CONVERSION = YES;
				CLANG_WARN_INFINITE_RECURSION = YES;
				CLANG_WARN_INT_CONVERSION = YES;
				CLANG_WARN_NON_LITERAL_NULL_CONVERSION = YES;
				CLANG_WARN_OBJC_IMPLICIT_RETAIN_SELF = YES;
				CLANG_WARN_OBJC_LITERAL_CONVERSION = YES;
				CLANG_WARN_OBJC_ROOT_CLASS = YES_ERROR;
				CLANG_WARN_QUOTED_INCLUDE_IN_FRAMEWORK_HEADER = YES;
				CLANG_WARN_RANGE_LOOP_ANALYSIS = YES;
				CLANG_WARN_STRICT_PROTOTYPES = YES;
				CLANG_WARN_SUSPICIOUS_MOVE = YES;
				CLANG_WARN_UNGUARDED_AVAILABILITY = YES_AGGRESSIVE;
				CLANG_WARN_UNREACHABLE_CODE = YES;
				CLANG_WARN__DUPLICATE_METHOD_MATCH = YES;
				COPY_PHASE_STRIP = NO;
				DEBUG_INFORMATION_FORMAT = dwarf;
				ENABLE_STRICT_OBJC_MSGSEND = YES;
				ENABLE_TESTABILITY = YES;
				ENABLE_USER_SCRIPT_SANDBOXING = YES;
				GCC_C_LANGUAGE_STANDARD = gnu17;
				GCC_DYNAMIC_NO_PIC = NO;
				GCC_NO_COMMON_BLOCKS = YES;
				GCC_OPTIMIZATION_LEVEL = 0;
				GCC_PREPROCESSOR_DEFINITIONS = (
					"DEBUG=1",
					"$(inherited)",
				);
				GCC_WARN_64_TO_32_BIT_CONVERSION = YES;
				GCC_WARN_ABOUT_RETURN_TYPE = YES_ERROR;
				GCC_WARN_UNDECLARED_SELECTOR = YES;
				GCC_WARN_UNINITIALIZED_AUTOS = YES_AGGRESSIVE;
				GCC_WARN_UNUSED_FUNCTION = YES;
				GCC_WARN_UNUSED_VARIABLE = YES;
				IPHONEOS_DEPLOYMENT_TARGET = 17.2;
				LOCALIZATION_PREFERS_STRING_CATALOGS = YES;
				MTL_ENABLE_DEBUG_INFO = INCLUDE_SOURCE;
				MTL_FAST_MATH = YES;
				ONLY_ACTIVE_ARCH = YES;
				SDKROOT = iphoneos;
				SWIFT_ACTIVE_COMPILATION_CONDITIONS = "DEBUG $(inherited)";
				SWIFT_OPTIMIZATION_LEVEL = "-Onone";
			};
			name = Debug;
		};
		BB9FEDFC2B9872DB00177C43 /* Release */ = {
			isa = XCBuildConfiguration;
			buildSettings = {
				ALWAYS_SEARCH_USER_PATHS = NO;
				ASSETCATALOG_COMPILER_GENERATE_SWIFT_ASSET_SYMBOL_EXTENSIONS = YES;
				CLANG_ANALYZER_NONNULL = YES;
				CLANG_ANALYZER_NUMBER_OBJECT_CONVERSION = YES_AGGRESSIVE;
				CLANG_CXX_LANGUAGE_STANDARD = "gnu++20";
				CLANG_ENABLE_MODULES = YES;
				CLANG_ENABLE_OBJC_ARC = YES;
				CLANG_ENABLE_OBJC_WEAK = YES;
				CLANG_WARN_BLOCK_CAPTURE_AUTORELEASING = YES;
				CLANG_WARN_BOOL_CONVERSION = YES;
				CLANG_WARN_COMMA = YES;
				CLANG_WARN_CONSTANT_CONVERSION = YES;
				CLANG_WARN_DEPRECATED_OBJC_IMPLEMENTATIONS = YES;
				CLANG_WARN_DIRECT_OBJC_ISA_USAGE = YES_ERROR;
				CLANG_WARN_DOCUMENTATION_COMMENTS = YES;
				CLANG_WARN_EMPTY_BODY = YES;
				CLANG_WARN_ENUM_CONVERSION = YES;
				CLANG_WARN_INFINITE_RECURSION = YES;
				CLANG_WARN_INT_CONVERSION = YES;
				CLANG_WARN_NON_LITERAL_NULL_CONVERSION = YES;
				CLANG_WARN_OBJC_IMPLICIT_RETAIN_SELF = YES;
				CLANG_WARN_OBJC_LITERAL_CONVERSION = YES;
				CLANG_WARN_OBJC_ROOT_CLASS = YES_ERROR;
				CLANG_WARN_QUOTED_INCLUDE_IN_FRAMEWORK_HEADER = YES;
				CLANG_WARN_RANGE_LOOP_ANALYSIS = YES;
				CLANG_WARN_STRICT_PROTOTYPES = YES;
				CLANG_WARN_SUSPICIOUS_MOVE = YES;
				CLANG_WARN_UNGUARDED_AVAILABILITY = YES_AGGRESSIVE;
				CLANG_WARN_UNREACHABLE_CODE = YES;
				CLANG_WARN__DUPLICATE_METHOD_MATCH = YES;
				COPY_PHASE_STRIP = NO;
				DEBUG_INFORMATION_FORMAT = "dwarf-with-dsym";
				ENABLE_NS_ASSERTIONS = NO;
				ENABLE_STRICT_OBJC_MSGSEND = YES;
				ENABLE_USER_SCRIPT_SANDBOXING = YES;
				GCC_C_LANGUAGE_STANDARD = gnu17;
				GCC_NO_COMMON_BLOCKS = YES;
				GCC_WARN_64_TO_32_BIT_CONVERSION = YES;
				GCC_WARN_ABOUT_RETURN_TYPE = YES_ERROR;
				GCC_WARN_UNDECLARED_SELECTOR = YES;
				GCC_WARN_UNINITIALIZED_AUTOS = YES_AGGRESSIVE;
				GCC_WARN_UNUSED_FUNCTION = YES;
				GCC_WARN_UNUSED_VARIABLE = YES;
				IPHONEOS_DEPLOYMENT_TARGET = 17.2;
				LOCALIZATION_PREFERS_STRING_CATALOGS = YES;
				MTL_ENABLE_DEBUG_INFO = NO;
				MTL_FAST_MATH = YES;
				SDKROOT = iphoneos;
				SWIFT_COMPILATION_MODE = wholemodule;
				VALIDATE_PRODUCT = YES;
			};
			name = Release;
		};
		BB9FEDFE2B9872DB00177C43 /* Debug */ = {
			isa = XCBuildConfiguration;
			buildSettings = {
				ASSETCATALOG_COMPILER_APPICON_NAME = AppIcon;
				ASSETCATALOG_COMPILER_GLOBAL_ACCENT_COLOR_NAME = AccentColor;
				CODE_SIGN_STYLE = Automatic;
				CURRENT_PROJECT_VERSION = 1;
				DEVELOPMENT_TEAM = AW5L9G4YVQ;
				GENERATE_INFOPLIST_FILE = YES;
				INFOPLIST_FILE = kenkgittest/Info.plist;
				INFOPLIST_KEY_UIApplicationSupportsIndirectInputEvents = YES;
				INFOPLIST_KEY_UILaunchStoryboardName = LaunchScreen;
				INFOPLIST_KEY_UIMainStoryboardFile = Main;
				INFOPLIST_KEY_UISupportedInterfaceOrientations_iPad = "UIInterfaceOrientationPortrait UIInterfaceOrientationPortraitUpsideDown UIInterfaceOrientationLandscapeLeft UIInterfaceOrientationLandscapeRight";
				INFOPLIST_KEY_UISupportedInterfaceOrientations_iPhone = "UIInterfaceOrientationPortrait UIInterfaceOrientationLandscapeLeft UIInterfaceOrientationLandscapeRight";
				LD_RUNPATH_SEARCH_PATHS = (
					"$(inherited)",
					"@executable_path/Frameworks",
				);
				MARKETING_VERSION = 1.0;
				PRODUCT_BUNDLE_IDENTIFIER = com.kenk.kenkgittest;
				PRODUCT_NAME = "$(TARGET_NAME)";
				SWIFT_EMIT_LOC_STRINGS = YES;
				SWIFT_VERSION = 5.0;
				TARGETED_DEVICE_FAMILY = "1,2";
			};
			name = Debug;
		};
		BB9FEDFF2B9872DB00177C43 /* Release */ = {
			isa = XCBuildConfiguration;
			buildSettings = {
				ASSETCATALOG_COMPILER_APPICON_NAME = AppIcon;
				ASSETCATALOG_COMPILER_GLOBAL_ACCENT_COLOR_NAME = AccentColor;
				CODE_SIGN_STYLE = Automatic;
				CURRENT_PROJECT_VERSION = 1;
				DEVELOPMENT_TEAM = AW5L9G4YVQ;
				GENERATE_INFOPLIST_FILE = YES;
				INFOPLIST_FILE = kenkgittest/Info.plist;
				INFOPLIST_KEY_UIApplicationSupportsIndirectInputEvents = YES;
				INFOPLIST_KEY_UILaunchStoryboardName = LaunchScreen;
				INFOPLIST_KEY_UIMainStoryboardFile = Main;
				INFOPLIST_KEY_UISupportedInterfaceOrientations_iPad = "UIInterfaceOrientationPortrait UIInterfaceOrientationPortraitUpsideDown UIInterfaceOrientationLandscapeLeft UIInterfaceOrientationLandscapeRight";
				INFOPLIST_KEY_UISupportedInterfaceOrientations_iPhone = "UIInterfaceOrientationPortrait UIInterfaceOrientationLandscapeLeft UIInterfaceOrientationLandscapeRight";
				LD_RUNPATH_SEARCH_PATHS = (
					"$(inherited)",
					"@executable_path/Frameworks",
				);
				MARKETING_VERSION = 1.0;
				PRODUCT_BUNDLE_IDENTIFIER = com.kenk.kenkgittest;
				PRODUCT_NAME = "$(TARGET_NAME)";
				SWIFT_EMIT_LOC_STRINGS = YES;
				SWIFT_VERSION = 5.0;
				TARGETED_DEVICE_FAMILY = "1,2";
			};
			name = Release;
		};
		BB9FEE012B9872DB00177C43 /* Debug */ = {
			isa = XCBuildConfiguration;
			buildSettings = {
				ALWAYS_EMBED_SWIFT_STANDARD_LIBRARIES = YES;
				BUNDLE_LOADER = "$(TEST_HOST)";
				CODE_SIGN_STYLE = Automatic;
				CURRENT_PROJECT_VERSION = 1;
				DEVELOPMENT_TEAM = AW5L9G4YVQ;
				GENERATE_INFOPLIST_FILE = YES;
				IPHONEOS_DEPLOYMENT_TARGET = 17.2;
				MARKETING_VERSION = 1.0;
				PRODUCT_BUNDLE_IDENTIFIER = com.kenk.kenkgittestTests;
				PRODUCT_NAME = "$(TARGET_NAME)";
				SWIFT_EMIT_LOC_STRINGS = NO;
				SWIFT_VERSION = 5.0;
				TARGETED_DEVICE_FAMILY = "1,2";
				TEST_HOST = "$(BUILT_PRODUCTS_DIR)/kenkgittest.app/$(BUNDLE_EXECUTABLE_FOLDER_PATH)/kenkgittest";
			};
			name = Debug;
		};
		BB9FEE022B9872DB00177C43 /* Release */ = {
			isa = XCBuildConfiguration;
			buildSettings = {
				ALWAYS_EMBED_SWIFT_STANDARD_LIBRARIES = YES;
				BUNDLE_LOADER = "$(TEST_HOST)";
				CODE_SIGN_STYLE = Automatic;
				CURRENT_PROJECT_VERSION = 1;
				DEVELOPMENT_TEAM = AW5L9G4YVQ;
				GENERATE_INFOPLIST_FILE = YES;
				IPHONEOS_DEPLOYMENT_TARGET = 17.2;
				MARKETING_VERSION = 1.0;
				PRODUCT_BUNDLE_IDENTIFIER = com.kenk.kenkgittestTests;
				PRODUCT_NAME = "$(TARGET_NAME)";
				SWIFT_EMIT_LOC_STRINGS = NO;
				SWIFT_VERSION = 5.0;
				TARGETED_DEVICE_FAMILY = "1,2";
				TEST_HOST = "$(BUILT_PRODUCTS_DIR)/kenkgittest.app/$(BUNDLE_EXECUTABLE_FOLDER_PATH)/kenkgittest";
			};
			name = Release;
		};
		BB9FEE042B9872DB00177C43 /* Debug */ = {
			isa = XCBuildConfiguration;
			buildSettings = {
				ALWAYS_EMBED_SWIFT_STANDARD_LIBRARIES = YES;
				CODE_SIGN_STYLE = Automatic;
				CURRENT_PROJECT_VERSION = 1;
				DEVELOPMENT_TEAM = AW5L9G4YVQ;
				GENERATE_INFOPLIST_FILE = YES;
				MARKETING_VERSION = 1.0;
				PRODUCT_BUNDLE_IDENTIFIER = com.kenk.kenkgittestUITests;
				PRODUCT_NAME = "$(TARGET_NAME)";
				SWIFT_EMIT_LOC_STRINGS = NO;
				SWIFT_VERSION = 5.0;
				TARGETED_DEVICE_FAMILY = "1,2";
				TEST_TARGET_NAME = kenkgittest;
			};
			name = Debug;
		};
		BB9FEE052B9872DB00177C43 /* Release */ = {
			isa = XCBuildConfiguration;
			buildSettings = {
				ALWAYS_EMBED_SWIFT_STANDARD_LIBRARIES = YES;
				CODE_SIGN_STYLE = Automatic;
				CURRENT_PROJECT_VERSION = 1;
				DEVELOPMENT_TEAM = AW5L9G4YVQ;
				GENERATE_INFOPLIST_FILE = YES;
				MARKETING_VERSION = 1.0;
				PRODUCT_BUNDLE_IDENTIFIER = com.kenk.kenkgittestUITests;
				PRODUCT_NAME = "$(TARGET_NAME)";
				SWIFT_EMIT_LOC_STRINGS = NO;
				SWIFT_VERSION = 5.0;
				TARGETED_DEVICE_FAMILY = "1,2";
				TEST_TARGET_NAME = kenkgittest;
			};
			name = Release;
		};
/* End XCBuildConfiguration section */

/* Begin XCConfigurationList section */
		BB9FEDCE2B9872D900177C43 /* Build configuration list for PBXProject "kenkgittest" */ = {
			isa = XCConfigurationList;
			buildConfigurations = (
				BB9FEDFB2B9872DB00177C43 /* Debug */,
				BB9FEDFC2B9872DB00177C43 /* Release */,
			);
			defaultConfigurationIsVisible = 0;
			defaultConfigurationName = Release;
		};
		BB9FEDFD2B9872DB00177C43 /* Build configuration list for PBXNativeTarget "kenkgittest" */ = {
			isa = XCConfigurationList;
			buildConfigurations = (
				BB9FEDFE2B9872DB00177C43 /* Debug */,
				BB9FEDFF2B9872DB00177C43 /* Release */,
			);
			defaultConfigurationIsVisible = 0;
			defaultConfigurationName = Release;
		};
		BB9FEE002B9872DB00177C43 /* Build configuration list for PBXNativeTarget "kenkgittestTests" */ = {
			isa = XCConfigurationList;
			buildConfigurations = (
				BB9FEE012B9872DB00177C43 /* Debug */,
				BB9FEE022B9872DB00177C43 /* Release */,
			);
			defaultConfigurationIsVisible = 0;
			defaultConfigurationName = Release;
		};
		BB9FEE032B9872DB00177C43 /* Build configuration list for PBXNativeTarget "kenkgittestUITests" */ = {
			isa = XCConfigurationList;
			buildConfigurations = (
				BB9FEE042B9872DB00177C43 /* Debug */,
				BB9FEE052B9872DB00177C43 /* Release */,
			);
			defaultConfigurationIsVisible = 0;
			defaultConfigurationName = Release;
		};
/* End XCConfigurationList section */
	};
	rootObject = BB9FEDCB2B9872D900177C43 /* Project object */;
}
